
Microsoft Visual Studio Solution File, Format Version 12.00
# Visual Studio Version 17
VisualStudioVersion = 17.9.34701.34
MinimumVisualStudioVersion = 10.0.40219.1
Project("{FAE04EC0-301F-11D3-BF4B-00C04F79EFBC}") = "Event_Vendor", "Event_Vendor\Event_Vendor.csproj", "{93842124-47DF-4B16-93D4-52A655C0CFDA}"
EndProject
Global
	GlobalSection(SolutionConfigurationPlatforms) = preSolution
		Debug|Any CPU = Debug|Any CPU
		Release|Any CPU = Release|Any CPU
	EndGlobalSection
	GlobalSection(ProjectConfigurationPlatforms) = postSolution
		{93842124-47DF-4B16-93D4-52A655C0CFDA}.Debug|Any CPU.ActiveCfg = Debug|Any CPU
		{93842124-47DF-4B16-93D4-52A655C0CFDA}.Debug|Any CPU.Build.0 = Debug|Any CPU
		{93842124-47DF-4B16-93D4-52A655C0CFDA}.Release|Any CPU.ActiveCfg = Release|Any CPU
		{93842124-47DF-4B16-93D4-52A655C0CFDA}.Release|Any CPU.Build.0 = Release|Any CPU
	EndGlobalSection
	GlobalSection(SolutionProperties) = preSolution
		HideSolutionNode = FALSE
	EndGlobalSection
	GlobalSection(ExtensibilityGlobals) = postSolution
		SolutionGuid = {D6DB5625-1937-41BD-8879-7170241AD599}
	EndGlobalSection
EndGlobal
